
Microsoft Visual Studio Solution File, Format Version 12.00
# Visual Studio Version 17
VisualStudioVersion = 17.7.34018.315
MinimumVisualStudioVersion = 10.0.40219.1
Project("{9A19103F-16F7-4668-BE54-9A1E7A4F7556}") = "Entidades", "Entidades\Entidades.csproj", "{701ADFB1-3EA3-4AEF-802E-5CB367990C69}"
EndProject
Project("{9A19103F-16F7-4668-BE54-9A1E7A4F7556}") = "Login", "Login\Login.csproj", "{18BF5A33-3BC9-4719-9779-B448F65B2B3C}"
EndProject
Project("{FAE04EC0-301F-11D3-BF4B-00C04F79EFBC}") = "TestUnitario", "TestUnitario\TestUnitario.csproj", "{35C9429C-642E-4146-BD6A-EA75E172E4FA}"
EndProject
Global
	GlobalSection(SolutionConfigurationPlatforms) = preSolution
		Debug|Any CPU = Debug|Any CPU
		Release|Any CPU = Release|Any CPU
	EndGlobalSection
	GlobalSection(ProjectConfigurationPlatforms) = postSolution
		{701ADFB1-3EA3-4AEF-802E-5CB367990C69}.Debug|Any CPU.ActiveCfg = Debug|Any CPU
		{701ADFB1-3EA3-4AEF-802E-5CB367990C69}.Debug|Any CPU.Build.0 = Debug|Any CPU
		{701ADFB1-3EA3-4AEF-802E-5CB367990C69}.Release|Any CPU.ActiveCfg = Release|Any CPU
		{701ADFB1-3EA3-4AEF-802E-5CB367990C69}.Release|Any CPU.Build.0 = Release|Any CPU
		{18BF5A33-3BC9-4719-9779-B448F65B2B3C}.Debug|Any CPU.ActiveCfg = Debug|Any CPU
		{18BF5A33-3BC9-4719-9779-B448F65B2B3C}.Debug|Any CPU.Build.0 = Debug|Any CPU
		{18BF5A33-3BC9-4719-9779-B448F65B2B3C}.Release|Any CPU.ActiveCfg = Release|Any CPU
		{18BF5A33-3BC9-4719-9779-B448F65B2B3C}.Release|Any CPU.Build.0 = Release|Any CPU
		{35C9429C-642E-4146-BD6A-EA75E172E4FA}.Debug|Any CPU.ActiveCfg = Debug|Any CPU
		{35C9429C-642E-4146-BD6A-EA75E172E4FA}.Debug|Any CPU.Build.0 = Debug|Any CPU
		{35C9429C-642E-4146-BD6A-EA75E172E4FA}.Release|Any CPU.ActiveCfg = Release|Any CPU
		{35C9429C-642E-4146-BD6A-EA75E172E4FA}.Release|Any CPU.Build.0 = Release|Any CPU
	EndGlobalSection
	GlobalSection(SolutionProperties) = preSolution
		HideSolutionNode = FALSE
	EndGlobalSection
	GlobalSection(ExtensibilityGlobals) = postSolution
		SolutionGuid = {9EBA101E-84D7-47FC-B1D9-1260677315E8}
	EndGlobalSection
EndGlobal
